// !$*UTF8*$!
{
	archiveVersion = 1;
	classes = {
	};
	objectVersion = 46;
	objects = {

/* Begin PBXBuildFile section */
		4003B4921DFCF0E8008BEDFE /* WeatherDetailViewController.swift in Sources */ = {isa = PBXBuildFile; fileRef = 4003B4911DFCF0E8008BEDFE /* WeatherDetailViewController.swift */; };
		406967A61DFCC2A2006673BA /* AppDelegate.swift in Sources */ = {isa = PBXBuildFile; fileRef = 406967A51DFCC2A2006673BA /* AppDelegate.swift */; };
		406967A81DFCC2A2006673BA /* SearchController.swift in Sources */ = {isa = PBXBuildFile; fileRef = 406967A71DFCC2A2006673BA /* SearchController.swift */; };
		406967AB1DFCC2A2006673BA /* Main.storyboard in Resources */ = {isa = PBXBuildFile; fileRef = 406967A91DFCC2A2006673BA /* Main.storyboard */; };
		406967AE1DFCC2A2006673BA /* Weather.xcdatamodeld in Sources */ = {isa = PBXBuildFile; fileRef = 406967AC1DFCC2A2006673BA /* Weather.xcdatamodeld */; };
		406967B01DFCC2A2006673BA /* Assets.xcassets in Resources */ = {isa = PBXBuildFile; fileRef = 406967AF1DFCC2A2006673BA /* Assets.xcassets */; };
		406967B31DFCC2A2006673BA /* LaunchScreen.storyboard in Resources */ = {isa = PBXBuildFile; fileRef = 406967B11DFCC2A2006673BA /* LaunchScreen.storyboard */; };
		406967BC1DFCC6FD006673BA /* ServiceController.swift in Sources */ = {isa = PBXBuildFile; fileRef = 406967BB1DFCC6FD006673BA /* ServiceController.swift */; };
		406967BF1DFCD67A006673BA /* City.swift in Sources */ = {isa = PBXBuildFile; fileRef = 406967BE1DFCD67A006673BA /* City.swift */; };
		408E6B071DFD695B008B97D0 /* Temparature.swift in Sources */ = {isa = PBXBuildFile; fileRef = 408E6B061DFD695B008B97D0 /* Temparature.swift */; };
		408E6B0F1DFDC2B9008B97D0 /* WeatherTests.swift in Sources */ = {isa = PBXBuildFile; fileRef = 408E6B0E1DFDC2B9008B97D0 /* WeatherTests.swift */; };
		408E6B171DFDDA0E008B97D0 /* ModelTest.swift in Sources */ = {isa = PBXBuildFile; fileRef = 408E6B161DFDDA0E008B97D0 /* ModelTest.swift */; };
		408E6B1F1DFDDE17008B97D0 /* City.swift in Sources */ = {isa = PBXBuildFile; fileRef = 406967BE1DFCD67A006673BA /* City.swift */; };
		408E6B201DFDDE19008B97D0 /* Weather.swift in Sources */ = {isa = PBXBuildFile; fileRef = 40C2E21B1DFD019100FA4550 /* Weather.swift */; };
		408E6B211DFDDE1D008B97D0 /* Temparature.swift in Sources */ = {isa = PBXBuildFile; fileRef = 408E6B061DFD695B008B97D0 /* Temparature.swift */; };
		408E6B221DFDDE1F008B97D0 /* System.swift in Sources */ = {isa = PBXBuildFile; fileRef = 40C2E21F1DFD023000FA4550 /* System.swift */; };
		408E6B231DFDDE21008B97D0 /* Wind.swift in Sources */ = {isa = PBXBuildFile; fileRef = 40C2E21D1DFD01A200FA4550 /* Wind.swift */; };
		408E6B261DFDE076008B97D0 /* SearchController.swift in Sources */ = {isa = PBXBuildFile; fileRef = 406967A71DFCC2A2006673BA /* SearchController.swift */; };
		408E6B271DFDE079008B97D0 /* WeatherDetailViewController.swift in Sources */ = {isa = PBXBuildFile; fileRef = 4003B4911DFCF0E8008BEDFE /* WeatherDetailViewController.swift */; };
		408E6B281DFDE32B008B97D0 /* CityCell.swift in Sources */ = {isa = PBXBuildFile; fileRef = 40C2E2191DFCF7DE00FA4550 /* CityCell.swift */; };
		408E6B291DFDE337008B97D0 /* AppDelegate.swift in Sources */ = {isa = PBXBuildFile; fileRef = 406967A51DFCC2A2006673BA /* AppDelegate.swift */; };
		408E6B2A1DFDE33C008B97D0 /* ServiceController.swift in Sources */ = {isa = PBXBuildFile; fileRef = 406967BB1DFCC6FD006673BA /* ServiceController.swift */; };
		408E6B2B1DFDE3B6008B97D0 /* Main.storyboard in Resources */ = {isa = PBXBuildFile; fileRef = 406967A91DFCC2A2006673BA /* Main.storyboard */; };
		40C2E21A1DFCF7DE00FA4550 /* CityCell.swift in Sources */ = {isa = PBXBuildFile; fileRef = 40C2E2191DFCF7DE00FA4550 /* CityCell.swift */; };
		40C2E21C1DFD019100FA4550 /* Weather.swift in Sources */ = {isa = PBXBuildFile; fileRef = 40C2E21B1DFD019100FA4550 /* Weather.swift */; };
		40C2E21E1DFD01A200FA4550 /* Wind.swift in Sources */ = {isa = PBXBuildFile; fileRef = 40C2E21D1DFD01A200FA4550 /* Wind.swift */; };
		40C2E2201DFD023000FA4550 /* System.swift in Sources */ = {isa = PBXBuildFile; fileRef = 40C2E21F1DFD023000FA4550 /* System.swift */; };
/* End PBXBuildFile section */

/* Begin PBXContainerItemProxy section */
		408E6B111DFDC2B9008B97D0 /* PBXContainerItemProxy */ = {
			isa = PBXContainerItemProxy;
			containerPortal = 4069679A1DFCC2A2006673BA /* Project object */;
			proxyType = 1;
			remoteGlobalIDString = 406967A11DFCC2A2006673BA;
			remoteInfo = Weather;
		};
/* End PBXContainerItemProxy section */

/* Begin PBXFileReference section */
		4003B4911DFCF0E8008BEDFE /* WeatherDetailViewController.swift */ = {isa = PBXFileReference; fileEncoding = 4; lastKnownFileType = sourcecode.swift; path = WeatherDetailViewController.swift; sourceTree = "<group>"; };
		406967A21DFCC2A2006673BA /* Weather.app */ = {isa = PBXFileReference; explicitFileType = wrapper.application; includeInIndex = 0; path = Weather.app; sourceTree = BUILT_PRODUCTS_DIR; };
		406967A51DFCC2A2006673BA /* AppDelegate.swift */ = {isa = PBXFileReference; lastKnownFileType = sourcecode.swift; path = AppDelegate.swift; sourceTree = "<group>"; };
		406967A71DFCC2A2006673BA /* SearchController.swift */ = {isa = PBXFileReference; lastKnownFileType = sourcecode.swift; path = SearchController.swift; sourceTree = "<group>"; };
		406967AA1DFCC2A2006673BA /* Base */ = {isa = PBXFileReference; lastKnownFileType = file.storyboard; name = Base; path = Base.lproj/Main.storyboard; sourceTree = "<group>"; };
		406967AD1DFCC2A2006673BA /* Weather.xcdatamodel */ = {isa = PBXFileReference; lastKnownFileType = wrapper.xcdatamodel; path = Weather.xcdatamodel; sourceTree = "<group>"; };
		406967AF1DFCC2A2006673BA /* Assets.xcassets */ = {isa = PBXFileReference; lastKnownFileType = folder.assetcatalog; path = Assets.xcassets; sourceTree = "<group>"; };
		406967B21DFCC2A2006673BA /* Base */ = {isa = PBXFileReference; lastKnownFileType = file.storyboard; name = Base; path = Base.lproj/LaunchScreen.storyboard; sourceTree = "<group>"; };
		406967B41DFCC2A2006673BA /* Info.plist */ = {isa = PBXFileReference; lastKnownFileType = text.plist.xml; path = Info.plist; sourceTree = "<group>"; };
		406967BB1DFCC6FD006673BA /* ServiceController.swift */ = {isa = PBXFileReference; fileEncoding = 4; lastKnownFileType = sourcecode.swift; path = ServiceController.swift; sourceTree = "<group>"; };
		406967BE1DFCD67A006673BA /* City.swift */ = {isa = PBXFileReference; fileEncoding = 4; lastKnownFileType = sourcecode.swift; path = City.swift; sourceTree = "<group>"; };
		408E6B061DFD695B008B97D0 /* Temparature.swift */ = {isa = PBXFileReference; fileEncoding = 4; lastKnownFileType = sourcecode.swift; path = Temparature.swift; sourceTree = "<group>"; };
		408E6B0C1DFDC2B9008B97D0 /* WeatherTests.xctest */ = {isa = PBXFileReference; explicitFileType = wrapper.cfbundle; includeInIndex = 0; path = WeatherTests.xctest; sourceTree = BUILT_PRODUCTS_DIR; };
		408E6B0E1DFDC2B9008B97D0 /* WeatherTests.swift */ = {isa = PBXFileReference; lastKnownFileType = sourcecode.swift; path = WeatherTests.swift; sourceTree = "<group>"; };
		408E6B101DFDC2B9008B97D0 /* Info.plist */ = {isa = PBXFileReference; lastKnownFileType = text.plist.xml; path = Info.plist; sourceTree = "<group>"; };
		408E6B161DFDDA0E008B97D0 /* ModelTest.swift */ = {isa = PBXFileReference; fileEncoding = 4; lastKnownFileType = sourcecode.swift; path = ModelTest.swift; sourceTree = "<group>"; };
		40C2E2191DFCF7DE00FA4550 /* CityCell.swift */ = {isa = PBXFileReference; fileEncoding = 4; lastKnownFileType = sourcecode.swift; path = CityCell.swift; sourceTree = "<group>"; };
		40C2E21B1DFD019100FA4550 /* Weather.swift */ = {isa = PBXFileReference; fileEncoding = 4; lastKnownFileType = sourcecode.swift; path = Weather.swift; sourceTree = "<group>"; };
		40C2E21D1DFD01A200FA4550 /* Wind.swift */ = {isa = PBXFileReference; fileEncoding = 4; lastKnownFileType = sourcecode.swift; path = Wind.swift; sourceTree = "<group>"; };
		40C2E21F1DFD023000FA4550 /* System.swift */ = {isa = PBXFileReference; fileEncoding = 4; lastKnownFileType = sourcecode.swift; path = System.swift; sourceTree = "<group>"; };
/* End PBXFileReference section */

/* Begin PBXFrameworksBuildPhase section */
		4069679F1DFCC2A2006673BA /* Frameworks */ = {
			isa = PBXFrameworksBuildPhase;
			buildActionMask = 2147483647;
			files = (
			);
			runOnlyForDeploymentPostprocessing = 0;
		};
		408E6B091DFDC2B9008B97D0 /* Frameworks */ = {
			isa = PBXFrameworksBuildPhase;
			buildActionMask = 2147483647;
			files = (
			);
			runOnlyForDeploymentPostprocessing = 0;
		};
/* End PBXFrameworksBuildPhase section */

/* Begin PBXGroup section */
		406967991DFCC2A2006673BA = {
			isa = PBXGroup;
			children = (
				406967A41DFCC2A2006673BA /* Weather */,
				408E6B0D1DFDC2B9008B97D0 /* WeatherTests */,
				406967A31DFCC2A2006673BA /* Products */,
			);
			sourceTree = "<group>";
		};
		406967A31DFCC2A2006673BA /* Products */ = {
			isa = PBXGroup;
			children = (
				406967A21DFCC2A2006673BA /* Weather.app */,
				408E6B0C1DFDC2B9008B97D0 /* WeatherTests.xctest */,
			);
			name = Products;
			sourceTree = "<group>";
		};
		406967A41DFCC2A2006673BA /* Weather */ = {
			isa = PBXGroup;
			children = (
				406967A51DFCC2A2006673BA /* AppDelegate.swift */,
				406967A71DFCC2A2006673BA /* SearchController.swift */,
				4003B4911DFCF0E8008BEDFE /* WeatherDetailViewController.swift */,
				406967A91DFCC2A2006673BA /* Main.storyboard */,
				40C2E2181DFCF7BC00FA4550 /* Cells */,
				406967BA1DFCC694006673BA /* Services */,
				406967BD1DFCD5FB006673BA /* Model */,
				406967AF1DFCC2A2006673BA /* Assets.xcassets */,
				406967B11DFCC2A2006673BA /* LaunchScreen.storyboard */,
				406967B41DFCC2A2006673BA /* Info.plist */,
			);
			path = Weather;
			sourceTree = "<group>";
		};
		406967BA1DFCC694006673BA /* Services */ = {
			isa = PBXGroup;
			children = (
				406967BB1DFCC6FD006673BA /* ServiceController.swift */,
			);
			name = Services;
			sourceTree = "<group>";
		};
		406967BD1DFCD5FB006673BA /* Model */ = {
			isa = PBXGroup;
			children = (
				406967BE1DFCD67A006673BA /* City.swift */,
				40C2E21B1DFD019100FA4550 /* Weather.swift */,
				40C2E21D1DFD01A200FA4550 /* Wind.swift */,
				40C2E21F1DFD023000FA4550 /* System.swift */,
				408E6B061DFD695B008B97D0 /* Temparature.swift */,
				406967AC1DFCC2A2006673BA /* Weather.xcdatamodeld */,
			);
			name = Model;
			sourceTree = "<group>";
		};
		408E6B0D1DFDC2B9008B97D0 /* WeatherTests */ = {
			isa = PBXGroup;
			children = (
				408E6B0E1DFDC2B9008B97D0 /* WeatherTests.swift */,
				408E6B161DFDDA0E008B97D0 /* ModelTest.swift */,
				408E6B101DFDC2B9008B97D0 /* Info.plist */,
			);
			path = WeatherTests;
			sourceTree = "<group>";
		};
		40C2E2181DFCF7BC00FA4550 /* Cells */ = {
			isa = PBXGroup;
			children = (
				40C2E2191DFCF7DE00FA4550 /* CityCell.swift */,
			);
			name = Cells;
			sourceTree = "<group>";
		};
/* End PBXGroup section */

/* Begin PBXNativeTarget section */
		406967A11DFCC2A2006673BA /* Weather */ = {
			isa = PBXNativeTarget;
			buildConfigurationList = 406967B71DFCC2A2006673BA /* Build configuration list for PBXNativeTarget "Weather" */;
			buildPhases = (
				4069679E1DFCC2A2006673BA /* Sources */,
				4069679F1DFCC2A2006673BA /* Frameworks */,
				406967A01DFCC2A2006673BA /* Resources */,
			);
			buildRules = (
			);
			dependencies = (
			);
			name = Weather;
			productName = Weather;
			productReference = 406967A21DFCC2A2006673BA /* Weather.app */;
			productType = "com.apple.product-type.application";
		};
		408E6B0B1DFDC2B9008B97D0 /* WeatherTests */ = {
			isa = PBXNativeTarget;
			buildConfigurationList = 408E6B131DFDC2B9008B97D0 /* Build configuration list for PBXNativeTarget "WeatherTests" */;
			buildPhases = (
				408E6B081DFDC2B9008B97D0 /* Sources */,
				408E6B091DFDC2B9008B97D0 /* Frameworks */,
				408E6B0A1DFDC2B9008B97D0 /* Resources */,
			);
			buildRules = (
			);
			dependencies = (
				408E6B121DFDC2B9008B97D0 /* PBXTargetDependency */,
			);
			name = WeatherTests;
			productName = WeatherTests;
			productReference = 408E6B0C1DFDC2B9008B97D0 /* WeatherTests.xctest */;
			productType = "com.apple.product-type.bundle.unit-test";
		};
/* End PBXNativeTarget section */

/* Begin PBXProject section */
		4069679A1DFCC2A2006673BA /* Project object */ = {
			isa = PBXProject;
			attributes = {
				LastSwiftUpdateCheck = 0810;
				LastUpgradeCheck = 0810;
				ORGANIZATIONNAME = "Kiran Kumar Sanka";
				TargetAttributes = {
					406967A11DFCC2A2006673BA = {
						CreatedOnToolsVersion = 8.1;
						ProvisioningStyle = Automatic;
					};
					408E6B0B1DFDC2B9008B97D0 = {
						CreatedOnToolsVersion = 8.1;
						ProvisioningStyle = Automatic;
						TestTargetID = 406967A11DFCC2A2006673BA;
					};
				};
			};
			buildConfigurationList = 4069679D1DFCC2A2006673BA /* Build configuration list for PBXProject "Weather" */;
			compatibilityVersion = "Xcode 3.2";
			developmentRegion = English;
			hasScannedForEncodings = 0;
			knownRegions = (
				en,
				Base,
			);
			mainGroup = 406967991DFCC2A2006673BA;
			productRefGroup = 406967A31DFCC2A2006673BA /* Products */;
			projectDirPath = "";
			projectRoot = "";
			targets = (
				406967A11DFCC2A2006673BA /* Weather */,
				408E6B0B1DFDC2B9008B97D0 /* WeatherTests */,
			);
		};
/* End PBXProject section */

/* Begin PBXResourcesBuildPhase section */
		406967A01DFCC2A2006673BA /* Resources */ = {
			isa = PBXResourcesBuildPhase;
			buildActionMask = 2147483647;
			files = (
				406967B31DFCC2A2006673BA /* LaunchScreen.storyboard in Resources */,
				406967B01DFCC2A2006673BA /* Assets.xcassets in Resources */,
				406967AB1DFCC2A2006673BA /* Main.storyboard in Resources */,
			);
			runOnlyForDeploymentPostprocessing = 0;
		};
		408E6B0A1DFDC2B9008B97D0 /* Resources */ = {
			isa = PBXResourcesBuildPhase;
			buildActionMask = 2147483647;
			files = (
				408E6B2B1DFDE3B6008B97D0 /* Main.storyboard in Resources */,
			);
			runOnlyForDeploymentPostprocessing = 0;
		};
/* End PBXResourcesBuildPhase section */

/* Begin PBXSourcesBuildPhase section */
		4069679E1DFCC2A2006673BA /* Sources */ = {
			isa = PBXSourcesBuildPhase;
			buildActionMask = 2147483647;
			files = (
				406967AE1DFCC2A2006673BA /* Weather.xcdatamodeld in Sources */,
				40C2E21E1DFD01A200FA4550 /* Wind.swift in Sources */,
				408E6B071DFD695B008B97D0 /* Temparature.swift in Sources */,
				4003B4921DFCF0E8008BEDFE /* WeatherDetailViewController.swift in Sources */,
				40C2E21A1DFCF7DE00FA4550 /* CityCell.swift in Sources */,
				406967BF1DFCD67A006673BA /* City.swift in Sources */,
				40C2E21C1DFD019100FA4550 /* Weather.swift in Sources */,
				406967A81DFCC2A2006673BA /* SearchController.swift in Sources */,
				406967A61DFCC2A2006673BA /* AppDelegate.swift in Sources */,
				406967BC1DFCC6FD006673BA /* ServiceController.swift in Sources */,
				40C2E2201DFD023000FA4550 /* System.swift in Sources */,
			);
			runOnlyForDeploymentPostprocessing = 0;
		};
		408E6B081DFDC2B9008B97D0 /* Sources */ = {
			isa = PBXSourcesBuildPhase;
			buildActionMask = 2147483647;
			files = (
				408E6B291DFDE337008B97D0 /* AppDelegate.swift in Sources */,
				408E6B201DFDDE19008B97D0 /* Weather.swift in Sources */,
				408E6B171DFDDA0E008B97D0 /* ModelTest.swift in Sources */,
				408E6B2A1DFDE33C008B97D0 /* ServiceController.swift in Sources */,
				408E6B231DFDDE21008B97D0 /* Wind.swift in Sources */,
				408E6B281DFDE32B008B97D0 /* CityCell.swift in Sources */,
				408E6B0F1DFDC2B9008B97D0 /* WeatherTests.swift in Sources */,
				408E6B1F1DFDDE17008B97D0 /* City.swift in Sources */,
				408E6B221DFDDE1F008B97D0 /* System.swift in Sources */,
				408E6B211DFDDE1D008B97D0 /* Temparature.swift in Sources */,
				408E6B261DFDE076008B97D0 /* SearchController.swift in Sources */,
				408E6B271DFDE079008B97D0 /* WeatherDetailViewController.swift in Sources */,
			);
			runOnlyForDeploymentPostprocessing = 0;
		};
/* End PBXSourcesBuildPhase section */

/* Begin PBXTargetDependency section */
		408E6B121DFDC2B9008B97D0 /* PBXTargetDependency */ = {
			isa = PBXTargetDependency;
			target = 406967A11DFCC2A2006673BA /* Weather */;
			targetProxy = 408E6B111DFDC2B9008B97D0 /* PBXContainerItemProxy */;
		};
/* End PBXTargetDependency section */

/* Begin PBXVariantGroup section */
		406967A91DFCC2A2006673BA /* Main.storyboard */ = {
			isa = PBXVariantGroup;
			children = (
				406967AA1DFCC2A2006673BA /* Base */,
			);
			name = Main.storyboard;
			sourceTree = "<group>";
		};
		406967B11DFCC2A2006673BA /* LaunchScreen.storyboard */ = {
			isa = PBXVariantGroup;
			children = (
				406967B21DFCC2A2006673BA /* Base */,
			);
			name = LaunchScreen.storyboard;
			sourceTree = "<group>";
		};
/* End PBXVariantGroup section */

/* Begin XCBuildConfiguration section */
		406967B51DFCC2A2006673BA /* Debug */ = {
			isa = XCBuildConfiguration;
			buildSettings = {
				ALWAYS_SEARCH_USER_PATHS = NO;
				CLANG_ANALYZER_NONNULL = YES;
				CLANG_CXX_LANGUAGE_STANDARD = "gnu++0x";
				CLANG_CXX_LIBRARY = "libc++";
				CLANG_ENABLE_MODULES = YES;
				CLANG_ENABLE_OBJC_ARC = YES;
				CLANG_WARN_BOOL_CONVERSION = YES;
				CLANG_WARN_CONSTANT_CONVERSION = YES;
				CLANG_WARN_DIRECT_OBJC_ISA_USAGE = YES_ERROR;
				CLANG_WARN_DOCUMENTATION_COMMENTS = YES;
				CLANG_WARN_EMPTY_BODY = YES;
				CLANG_WARN_ENUM_CONVERSION = YES;
				CLANG_WARN_INFINITE_RECURSION = YES;
				CLANG_WARN_INT_CONVERSION = YES;
				CLANG_WARN_OBJC_ROOT_CLASS = YES_ERROR;
				CLANG_WARN_SUSPICIOUS_MOVES = YES;
				CLANG_WARN_UNREACHABLE_CODE = YES;
				CLANG_WARN__DUPLICATE_METHOD_MATCH = YES;
				"CODE_SIGN_IDENTITY[sdk=iphoneos*]" = "iPhone Developer";
				COPY_PHASE_STRIP = NO;
				DEBUG_INFORMATION_FORMAT = dwarf;
				ENABLE_STRICT_OBJC_MSGSEND = YES;
				ENABLE_TESTABILITY = YES;
				GCC_C_LANGUAGE_STANDARD = gnu99;
				GCC_DYNAMIC_NO_PIC = NO;
				GCC_NO_COMMON_BLOCKS = YES;
				GCC_OPTIMIZATION_LEVEL = 0;
				GCC_PREPROCESSOR_DEFINITIONS = (
					"DEBUG=1",
					"$(inherited)",
				);
				GCC_WARN_64_TO_32_BIT_CONVERSION = YES;
				GCC_WARN_ABOUT_RETURN_TYPE = YES_ERROR;
				GCC_WARN_UNDECLARED_SELECTOR = YES;
				GCC_WARN_UNINITIALIZED_AUTOS = YES_AGGRESSIVE;
				GCC_WARN_UNUSED_FUNCTION = YES;
				GCC_WARN_UNUSED_VARIABLE = YES;
				IPHONEOS_DEPLOYMENT_TARGET = 10.1;
				MTL_ENABLE_DEBUG_INFO = YES;
				ONLY_ACTIVE_ARCH = YES;
				SDKROOT = iphoneos;
				SWIFT_ACTIVE_COMPILATION_CONDITIONS = DEBUG;
				SWIFT_OPTIMIZATION_LEVEL = "-Onone";
				TARGETED_DEVICE_FAMILY = "1,2";
			};
			name = Debug;
		};
		406967B61DFCC2A2006673BA /* Release */ = {
			isa = XCBuildConfiguration;
			buildSettings = {
				ALWAYS_SEARCH_USER_PATHS = NO;
				CLANG_ANALYZER_NONNULL = YES;
				CLANG_CXX_LANGUAGE_STANDARD = "gnu++0x";
				CLANG_CXX_LIBRARY = "libc++";
				CLANG_ENABLE_MODULES = YES;
				CLANG_ENABLE_OBJC_ARC = YES;
				CLANG_WARN_BOOL_CONVERSION = YES;
				CLANG_WARN_CONSTANT_CONVERSION = YES;
				CLANG_WARN_DIRECT_OBJC_ISA_USAGE = YES_ERROR;
				CLANG_WARN_DOCUMENTATION_COMMENTS = YES;
				CLANG_WARN_EMPTY_BODY = YES;
				CLANG_WARN_ENUM_CONVERSION = YES;
				CLANG_WARN_INFINITE_RECURSION = YES;
				CLANG_WARN_INT_CONVERSION = YES;
				CLANG_WARN_OBJC_ROOT_CLASS = YES_ERROR;
				CLANG_WARN_SUSPICIOUS_MOVES = YES;
				CLANG_WARN_UNREACHABLE_CODE = YES;
				CLANG_WARN__DUPLICATE_METHOD_MATCH = YES;
				"CODE_SIGN_IDENTITY[sdk=iphoneos*]" = "iPhone Developer";
				COPY_PHASE_STRIP = NO;
				DEBUG_INFORMATION_FORMAT = "dwarf-with-dsym";
				ENABLE_NS_ASSERTIONS = NO;
				ENABLE_STRICT_OBJC_MSGSEND = YES;
				GCC_C_LANGUAGE_STANDARD = gnu99;
				GCC_NO_COMMON_BLOCKS = YES;
				GCC_WARN_64_TO_32_BIT_CONVERSION = YES;
				GCC_WARN_ABOUT_RETURN_TYPE = YES_ERROR;
				GCC_WARN_UNDECLARED_SELECTOR = YES;
				GCC_WARN_UNINITIALIZED_AUTOS = YES_AGGRESSIVE;
				GCC_WARN_UNUSED_FUNCTION = YES;
				GCC_WARN_UNUSED_VARIABLE = YES;
				IPHONEOS_DEPLOYMENT_TARGET = 10.1;
				MTL_ENABLE_DEBUG_INFO = NO;
				SDKROOT = iphoneos;
				SWIFT_OPTIMIZATION_LEVEL = "-Owholemodule";
				TARGETED_DEVICE_FAMILY = "1,2";
				VALIDATE_PRODUCT = YES;
			};
			name = Release;
		};
		406967B81DFCC2A2006673BA /* Debug */ = {
			isa = XCBuildConfiguration;
			buildSettings = {
				ASSETCATALOG_COMPILER_APPICON_NAME = AppIcon;
				INFOPLIST_FILE = Weather/Info.plist;
				LD_RUNPATH_SEARCH_PATHS = "$(inherited) @executable_path/Frameworks";
				PRODUCT_BUNDLE_IDENTIFIER = kiran.Weather;
				PRODUCT_NAME = "$(TARGET_NAME)";
				SWIFT_VERSION = 3.0;
			};
			name = Debug;
		};
		406967B91DFCC2A2006673BA /* Release */ = {
			isa = XCBuildConfiguration;
			buildSettings = {
				ASSETCATALOG_COMPILER_APPICON_NAME = AppIcon;
				INFOPLIST_FILE = Weather/Info.plist;
				LD_RUNPATH_SEARCH_PATHS = "$(inherited) @executable_path/Frameworks";
				PRODUCT_BUNDLE_IDENTIFIER = kiran.Weather;
				PRODUCT_NAME = "$(TARGET_NAME)";
				SWIFT_VERSION = 3.0;
			};
			name = Release;
		};
		408E6B141DFDC2B9008B97D0 /* Debug */ = {
			isa = XCBuildConfiguration;
			buildSettings = {
				BUNDLE_LOADER = "$(TEST_HOST)";
				INFOPLIST_FILE = WeatherTests/Info.plist;
				LD_RUNPATH_SEARCH_PATHS = "$(inherited) @executable_path/Frameworks @loader_path/Frameworks";
				PRODUCT_BUNDLE_IDENTIFIER = kiran.WeatherTests;
				PRODUCT_NAME = "$(TARGET_NAME)";
				SWIFT_VERSION = 3.0;
				TEST_HOST = "$(BUILT_PRODUCTS_DIR)/Weather.app/Weather";
			};
			name = Debug;
		};
		408E6B151DFDC2B9008B97D0 /* Release */ = {
			isa = XCBuildConfiguration;
			buildSettings = {
				BUNDLE_LOADER = "$(TEST_HOST)";
				INFOPLIST_FILE = WeatherTests/Info.plist;
				LD_RUNPATH_SEARCH_PATHS = "$(inherited) @executable_path/Frameworks @loader_path/Frameworks";
				PRODUCT_BUNDLE_IDENTIFIER = kiran.WeatherTests;
				PRODUCT_NAME = "$(TARGET_NAME)";
				SWIFT_VERSION = 3.0;
				TEST_HOST = "$(BUILT_PRODUCTS_DIR)/Weather.app/Weather";
			};
			name = Release;
		};
/* End XCBuildConfiguration section */

/* Begin XCConfigurationList section */
		4069679D1DFCC2A2006673BA /* Build configuration list for PBXProject "Weather" */ = {
			isa = XCConfigurationList;
			buildConfigurations = (
				406967B51DFCC2A2006673BA /* Debug */,
				406967B61DFCC2A2006673BA /* Release */,
			);
			defaultConfigurationIsVisible = 0;
			defaultConfigurationName = Release;
		};
		406967B71DFCC2A2006673BA /* Build configuration list for PBXNativeTarget "Weather" */ = {
			isa = XCConfigurationList;
			buildConfigurations = (
				406967B81DFCC2A2006673BA /* Debug */,
				406967B91DFCC2A2006673BA /* Release */,
			);
			defaultConfigurationIsVisible = 0;
			defaultConfigurationName = Release;
		};
		408E6B131DFDC2B9008B97D0 /* Build configuration list for PBXNativeTarget "WeatherTests" */ = {
			isa = XCConfigurationList;
			buildConfigurations = (
				408E6B141DFDC2B9008B97D0 /* Debug */,
				408E6B151DFDC2B9008B97D0 /* Release */,
			);
			defaultConfigurationIsVisible = 0;
			defaultConfigurationName = Release;
		};
/* End XCConfigurationList section */

/* Begin XCVersionGroup section */
		406967AC1DFCC2A2006673BA /* Weather.xcdatamodeld */ = {
			isa = XCVersionGroup;
			children = (
				406967AD1DFCC2A2006673BA /* Weather.xcdatamodel */,
			);
			currentVersion = 406967AD1DFCC2A2006673BA /* Weather.xcdatamodel */;
			path = Weather.xcdatamodeld;
			sourceTree = "<group>";
			versionGroupType = wrapper.xcdatamodel;
		};
/* End XCVersionGroup section */
	};
	rootObject = 4069679A1DFCC2A2006673BA /* Project object */;
}
